lockfileVersion: '9.0'

settings:
  autoInstallPeers: true
  excludeLinksFromLockfile: false

importers:

  .:
    dependencies:
      '@drizzle-team/brocli':
        specifier: ^0.8.2
        version: 0.8.2
    devDependencies:
      typescript:
        specifier: latest
        version: 5.5.3

packages:

  '@drizzle-team/brocli@0.8.2':
    resolution: {integrity: sha512-zTrFENsqGvOkBOuHDC1pXCkDXNd2UhP4lI3gYGhQ1R1SPeAAfqzPsV1dcpMy4uNU6kB5VpU5NGhvwxVNETR02A==}

  typescript@5.5.3:
    resolution: {integrity: sha512-/hreyEujaB0w76zKo6717l3L0o/qEUtRgdvUBvlkhoWeOVMjMuHNHk0BRBzikzuGDqNmPQbg5ifMEqsHLiIUcQ==}
    engines: {node: '>=14.17'}
    hasBin: true

snapshots:

  '@drizzle-team/brocli@0.8.2': {}

  typescript@5.5.3: {}
